
Microsoft Visual Studio Solution File, Format Version 12.00
# Visual Studio Version 17
VisualStudioVersion = 17.0.31903.59
MinimumVisualStudioVersion = 10.0.40219.1
Project("{FAE04EC0-301F-11D3-BF4B-00C04F79EFBC}") = "XxlShop", "XxlShop\XxlShop.csproj", "{ADC59DD4-20CB-4F76-857C-BB7A009204AB}"
EndProject
Global
	GlobalSection(SolutionConfigurationPlatforms) = preSolution
		Debug|Any CPU = Debug|Any CPU
		Release|Any CPU = Release|Any CPU
	EndGlobalSection
	GlobalSection(SolutionProperties) = preSolution
		HideSolutionNode = FALSE
	EndGlobalSection
	GlobalSection(ProjectConfigurationPlatforms) = postSolution
		{ADC59DD4-20CB-4F76-857C-BB7A009204AB}.Debug|Any CPU.ActiveCfg = Debug|Any CPU
		{ADC59DD4-20CB-4F76-857C-BB7A009204AB}.Debug|Any CPU.Build.0 = Debug|Any CPU
		{ADC59DD4-20CB-4F76-857C-BB7A009204AB}.Release|Any CPU.ActiveCfg = Release|Any CPU
		{ADC59DD4-20CB-4F76-857C-BB7A009204AB}.Release|Any CPU.Build.0 = Release|Any CPU
	EndGlobalSection
EndGlobal
